
Microsoft Visual Studio Solution File, Format Version 12.00
# Visual Studio 15
VisualStudioVersion = 15.0.27004.2005
MinimumVisualStudioVersion = 10.0.40219.1
Project("{FAE04EC0-301F-11D3-BF4B-00C04F79EFBC}") = "MetaQuotes", "MetaQuotes\MetaQuotes.csproj", "{4AFA9587-0942-4DEC-8316-18115EF6E7BF}"
EndProject
Global
	GlobalSection(SolutionConfigurationPlatforms) = preSolution
		Debug|Any CPU = Debug|Any CPU
		Release|Any CPU = Release|Any CPU
	EndGlobalSection
	GlobalSection(ProjectConfigurationPlatforms) = postSolution
		{4AFA9587-0942-4DEC-8316-18115EF6E7BF}.Debug|Any CPU.ActiveCfg = Debug|Any CPU
		{4AFA9587-0942-4DEC-8316-18115EF6E7BF}.Debug|Any CPU.Build.0 = Debug|Any CPU
		{4AFA9587-0942-4DEC-8316-18115EF6E7BF}.Release|Any CPU.ActiveCfg = Release|Any CPU
		{4AFA9587-0942-4DEC-8316-18115EF6E7BF}.Release|Any CPU.Build.0 = Release|Any CPU
	EndGlobalSection
	GlobalSection(SolutionProperties) = preSolution
		HideSolutionNode = FALSE
	EndGlobalSection
	GlobalSection(ExtensibilityGlobals) = postSolution
		SolutionGuid = {79B10F1F-F191-44CD-A821-57A3044D179A}
	EndGlobalSection
EndGlobal
